// !$*UTF8*$!
{
	archiveVersion = 1;
	classes = {
	};
	objectVersion = 48;
	objects = {

/* Begin PBXBuildFile section */
		24E333ED11F7357F0231225B /* Pods_DaypaperTests.framework in Frameworks */ = {isa = PBXBuildFile; fileRef = 9AC8E89642DE0CCC3BAB0EB9 /* Pods_DaypaperTests.framework */; };
		401CA7603055CA93A3B9D25C /* Pods_Daypaper.framework in Frameworks */ = {isa = PBXBuildFile; fileRef = 319002D8B741B528A0CC87B3 /* Pods_Daypaper.framework */; };
		66B76929200CBAD10073AD5C /* AppDelegate.swift in Sources */ = {isa = PBXBuildFile; fileRef = 66B76928200CBAD10073AD5C /* AppDelegate.swift */; };
		66B7692B200CBAD10073AD5C /* Assets.xcassets in Resources */ = {isa = PBXBuildFile; fileRef = 66B7692A200CBAD10073AD5C /* Assets.xcassets */; };
		66B7692E200CBAD10073AD5C /* MainMenu.xib in Resources */ = {isa = PBXBuildFile; fileRef = 66B7692C200CBAD10073AD5C /* MainMenu.xib */; };
		66B7693A200CBAD10073AD5C /* DaypaperTests.swift in Sources */ = {isa = PBXBuildFile; fileRef = 66B76939200CBAD10073AD5C /* DaypaperTests.swift */; };
		66B76953200CBBA20073AD5C /* Images.xcassets in Resources */ = {isa = PBXBuildFile; fileRef = 66B76952200CBBA20073AD5C /* Images.xcassets */; };
		7DF59BB12F70CB255BC26C13 /* Pods_DaypaperUITests.framework in Frameworks */ = {isa = PBXBuildFile; fileRef = 57E056FAD5D43AEE1F8FE9A6 /* Pods_DaypaperUITests.framework */; };
/* End PBXBuildFile section */

/* Begin PBXContainerItemProxy section */
		66B76936200CBAD10073AD5C /* PBXContainerItemProxy */ = {
			isa = PBXContainerItemProxy;
			containerPortal = 66B7691D200CBAD10073AD5C /* Project object */;
			proxyType = 1;
			remoteGlobalIDString = 66B76924200CBAD10073AD5C;
			remoteInfo = Daypaper;
		};
		66B76941200CBAD10073AD5C /* PBXContainerItemProxy */ = {
			isa = PBXContainerItemProxy;
			containerPortal = 66B7691D200CBAD10073AD5C /* Project object */;
			proxyType = 1;
			remoteGlobalIDString = 66B76924200CBAD10073AD5C;
			remoteInfo = Daypaper;
		};
/* End PBXContainerItemProxy section */

/* Begin PBXFileReference section */
		047BAFAD79CD9513C4C6AE42 /* Pods-Daypaper.release.xcconfig */ = {isa = PBXFileReference; includeInIndex = 1; lastKnownFileType = text.xcconfig; name = "Pods-Daypaper.release.xcconfig"; path = "Pods/Target Support Files/Pods-Daypaper/Pods-Daypaper.release.xcconfig"; sourceTree = "<group>"; };
		1BCF0679B4A841C49ECC09C2 /* Pods-DaypaperUITests.debug.xcconfig */ = {isa = PBXFileReference; includeInIndex = 1; lastKnownFileType = text.xcconfig; name = "Pods-DaypaperUITests.debug.xcconfig"; path = "Pods/Target Support Files/Pods-DaypaperUITests/Pods-DaypaperUITests.debug.xcconfig"; sourceTree = "<group>"; };
		319002D8B741B528A0CC87B3 /* Pods_Daypaper.framework */ = {isa = PBXFileReference; explicitFileType = wrapper.framework; includeInIndex = 0; path = Pods_Daypaper.framework; sourceTree = BUILT_PRODUCTS_DIR; };
		57E056FAD5D43AEE1F8FE9A6 /* Pods_DaypaperUITests.framework */ = {isa = PBXFileReference; explicitFileType = wrapper.framework; includeInIndex = 0; path = Pods_DaypaperUITests.framework; sourceTree = BUILT_PRODUCTS_DIR; };
		66B76925200CBAD10073AD5C /* Daypaper.app */ = {isa = PBXFileReference; explicitFileType = wrapper.application; includeInIndex = 0; path = Daypaper.app; sourceTree = BUILT_PRODUCTS_DIR; };
		66B76928200CBAD10073AD5C /* AppDelegate.swift */ = {isa = PBXFileReference; lastKnownFileType = sourcecode.swift; path = AppDelegate.swift; sourceTree = "<group>"; };
		66B7692A200CBAD10073AD5C /* Assets.xcassets */ = {isa = PBXFileReference; lastKnownFileType = folder.assetcatalog; path = Assets.xcassets; sourceTree = "<group>"; };
		66B7692D200CBAD10073AD5C /* Base */ = {isa = PBXFileReference; lastKnownFileType = file.xib; name = Base; path = Base.lproj/MainMenu.xib; sourceTree = "<group>"; };
		66B7692F200CBAD10073AD5C /* Info.plist */ = {isa = PBXFileReference; lastKnownFileType = text.plist.xml; path = Info.plist; sourceTree = "<group>"; };
		66B76930200CBAD10073AD5C /* Daypaper.entitlements */ = {isa = PBXFileReference; lastKnownFileType = text.plist.entitlements; path = Daypaper.entitlements; sourceTree = "<group>"; };
		66B76935200CBAD10073AD5C /* DaypaperTests.xctest */ = {isa = PBXFileReference; explicitFileType = wrapper.cfbundle; includeInIndex = 0; path = DaypaperTests.xctest; sourceTree = BUILT_PRODUCTS_DIR; };
		66B76939200CBAD10073AD5C /* DaypaperTests.swift */ = {isa = PBXFileReference; lastKnownFileType = sourcecode.swift; path = DaypaperTests.swift; sourceTree = "<group>"; };
		66B7693B200CBAD10073AD5C /* Info.plist */ = {isa = PBXFileReference; lastKnownFileType = text.plist.xml; path = Info.plist; sourceTree = "<group>"; };
		66B76940200CBAD10073AD5C /* DaypaperUITests.xctest */ = {isa = PBXFileReference; explicitFileType = wrapper.cfbundle; includeInIndex = 0; path = DaypaperUITests.xctest; sourceTree = BUILT_PRODUCTS_DIR; };
		66B76952200CBBA20073AD5C /* Images.xcassets */ = {isa = PBXFileReference; lastKnownFileType = folder.assetcatalog; path = Images.xcassets; sourceTree = "<group>"; };
		6C2F3BD6093B78575EBC9E25 /* Pods-DaypaperUITests.release.xcconfig */ = {isa = PBXFileReference; includeInIndex = 1; lastKnownFileType = text.xcconfig; name = "Pods-DaypaperUITests.release.xcconfig"; path = "Pods/Target Support Files/Pods-DaypaperUITests/Pods-DaypaperUITests.release.xcconfig"; sourceTree = "<group>"; };
		9AC8E89642DE0CCC3BAB0EB9 /* Pods_DaypaperTests.framework */ = {isa = PBXFileReference; explicitFileType = wrapper.framework; includeInIndex = 0; path = Pods_DaypaperTests.framework; sourceTree = BUILT_PRODUCTS_DIR; };
		A683B655F8E390185CE0644A /* Pods-DaypaperTests.debug.xcconfig */ = {isa = PBXFileReference; includeInIndex = 1; lastKnownFileType = text.xcconfig; name = "Pods-DaypaperTests.debug.xcconfig"; path = "Pods/Target Support Files/Pods-DaypaperTests/Pods-DaypaperTests.debug.xcconfig"; sourceTree = "<group>"; };
		B0EAF668AF9D97A33E0D6971 /* Pods-DaypaperTests.release.xcconfig */ = {isa = PBXFileReference; includeInIndex = 1; lastKnownFileType = text.xcconfig; name = "Pods-DaypaperTests.release.xcconfig"; path = "Pods/Target Support Files/Pods-DaypaperTests/Pods-DaypaperTests.release.xcconfig"; sourceTree = "<group>"; };
		C1834BA9F5987781A8047D68 /* Pods-Daypaper.debug.xcconfig */ = {isa = PBXFileReference; includeInIndex = 1; lastKnownFileType = text.xcconfig; name = "Pods-Daypaper.debug.xcconfig"; path = "Pods/Target Support Files/Pods-Daypaper/Pods-Daypaper.debug.xcconfig"; sourceTree = "<group>"; };
/* End PBXFileReference section */

/* Begin PBXFrameworksBuildPhase section */
		66B76922200CBAD10073AD5C /* Frameworks */ = {
			isa = PBXFrameworksBuildPhase;
			buildActionMask = 2147483647;
			files = (
				401CA7603055CA93A3B9D25C /* Pods_Daypaper.framework in Frameworks */,
			);
			runOnlyForDeploymentPostprocessing = 0;
		};
		66B76932200CBAD10073AD5C /* Frameworks */ = {
			isa = PBXFrameworksBuildPhase;
			buildActionMask = 2147483647;
			files = (
				24E333ED11F7357F0231225B /* Pods_DaypaperTests.framework in Frameworks */,
			);
			runOnlyForDeploymentPostprocessing = 0;
		};
		66B7693D200CBAD10073AD5C /* Frameworks */ = {
			isa = PBXFrameworksBuildPhase;
			buildActionMask = 2147483647;
			files = (
				7DF59BB12F70CB255BC26C13 /* Pods_DaypaperUITests.framework in Frameworks */,
			);
			runOnlyForDeploymentPostprocessing = 0;
		};
/* End PBXFrameworksBuildPhase section */

/* Begin PBXGroup section */
		66B7691C200CBAD10073AD5C = {
			isa = PBXGroup;
			children = (
				66B76927200CBAD10073AD5C /* Daypaper */,
				66B76938200CBAD10073AD5C /* DaypaperTests */,
				66B76926200CBAD10073AD5C /* Products */,
				D0673CA244601FBE82F43F02 /* Pods */,
				7C90D41CA6FA141C5C255448 /* Frameworks */,
			);
			sourceTree = "<group>";
		};
		66B76926200CBAD10073AD5C /* Products */ = {
			isa = PBXGroup;
			children = (
				66B76925200CBAD10073AD5C /* Daypaper.app */,
				66B76935200CBAD10073AD5C /* DaypaperTests.xctest */,
				66B76940200CBAD10073AD5C /* DaypaperUITests.xctest */,
			);
			name = Products;
			sourceTree = "<group>";
		};
		66B76927200CBAD10073AD5C /* Daypaper */ = {
			isa = PBXGroup;
			children = (
				66B76952200CBBA20073AD5C /* Images.xcassets */,
				66B76928200CBAD10073AD5C /* AppDelegate.swift */,
				66B7692A200CBAD10073AD5C /* Assets.xcassets */,
				66B7692C200CBAD10073AD5C /* MainMenu.xib */,
				66B7692F200CBAD10073AD5C /* Info.plist */,
				66B76930200CBAD10073AD5C /* Daypaper.entitlements */,
			);
			path = Daypaper;
			sourceTree = "<group>";
		};
		66B76938200CBAD10073AD5C /* DaypaperTests */ = {
			isa = PBXGroup;
			children = (
				66B76939200CBAD10073AD5C /* DaypaperTests.swift */,
				66B7693B200CBAD10073AD5C /* Info.plist */,
			);
			path = DaypaperTests;
			sourceTree = "<group>";
		};
		7C90D41CA6FA141C5C255448 /* Frameworks */ = {
			isa = PBXGroup;
			children = (
				319002D8B741B528A0CC87B3 /* Pods_Daypaper.framework */,
				9AC8E89642DE0CCC3BAB0EB9 /* Pods_DaypaperTests.framework */,
				57E056FAD5D43AEE1F8FE9A6 /* Pods_DaypaperUITests.framework */,
			);
			name = Frameworks;
			sourceTree = "<group>";
		};
		D0673CA244601FBE82F43F02 /* Pods */ = {
			isa = PBXGroup;
			children = (
				C1834BA9F5987781A8047D68 /* Pods-Daypaper.debug.xcconfig */,
				047BAFAD79CD9513C4C6AE42 /* Pods-Daypaper.release.xcconfig */,
				A683B655F8E390185CE0644A /* Pods-DaypaperTests.debug.xcconfig */,
				B0EAF668AF9D97A33E0D6971 /* Pods-DaypaperTests.release.xcconfig */,
				1BCF0679B4A841C49ECC09C2 /* Pods-DaypaperUITests.debug.xcconfig */,
				6C2F3BD6093B78575EBC9E25 /* Pods-DaypaperUITests.release.xcconfig */,
			);
			name = Pods;
			sourceTree = "<group>";
		};
/* End PBXGroup section */

/* Begin PBXNativeTarget section */
		66B76924200CBAD10073AD5C /* Daypaper */ = {
			isa = PBXNativeTarget;
			buildConfigurationList = 66B76949200CBAD10073AD5C /* Build configuration list for PBXNativeTarget "Daypaper" */;
			buildPhases = (
				6EFB4C476D5230EE3050B01D /* [CP] Check Pods Manifest.lock */,
				66B76921200CBAD10073AD5C /* Sources */,
				66B76922200CBAD10073AD5C /* Frameworks */,
				66B76923200CBAD10073AD5C /* Resources */,
				77CB4B4180FB69946E7BE0D0 /* [CP] Embed Pods Frameworks */,
				4DE1AADF0B39D59B1C7E8D98 /* [CP] Copy Pods Resources */,
				66E437B3200E29E700204CD1 /* ShellScript */,
			);
			buildRules = (
			);
			dependencies = (
			);
			name = Daypaper;
			productName = Daypaper;
			productReference = 66B76925200CBAD10073AD5C /* Daypaper.app */;
			productType = "com.apple.product-type.application";
		};
		66B76934200CBAD10073AD5C /* DaypaperTests */ = {
			isa = PBXNativeTarget;
			buildConfigurationList = 66B7694C200CBAD10073AD5C /* Build configuration list for PBXNativeTarget "DaypaperTests" */;
			buildPhases = (
				C028B839D41BDED08EA37329 /* [CP] Check Pods Manifest.lock */,
				66B76931200CBAD10073AD5C /* Sources */,
				66B76932200CBAD10073AD5C /* Frameworks */,
				66B76933200CBAD10073AD5C /* Resources */,
				09088156AB7FC877EBBD5814 /* [CP] Embed Pods Frameworks */,
				7440AEE2969BD29070956643 /* [CP] Copy Pods Resources */,
			);
			buildRules = (
			);
			dependencies = (
				66B76937200CBAD10073AD5C /* PBXTargetDependency */,
			);
			name = DaypaperTests;
			productName = DaypaperTests;
			productReference = 66B76935200CBAD10073AD5C /* DaypaperTests.xctest */;
			productType = "com.apple.product-type.bundle.unit-test";
		};
		66B7693F200CBAD10073AD5C /* DaypaperUITests */ = {
			isa = PBXNativeTarget;
			buildConfigurationList = 66B7694F200CBAD10073AD5C /* Build configuration list for PBXNativeTarget "DaypaperUITests" */;
			buildPhases = (
				A11CB3B442695089514E37A0 /* [CP] Check Pods Manifest.lock */,
				66B7693C200CBAD10073AD5C /* Sources */,
				66B7693D200CBAD10073AD5C /* Frameworks */,
				66B7693E200CBAD10073AD5C /* Resources */,
				B1333D825D69D0B4DBD30AC2 /* [CP] Embed Pods Frameworks */,
				24A775DCD04E7C979066B488 /* [CP] Copy Pods Resources */,
				66E437B2200E297900204CD1 /* ShellScript */,
			);
			buildRules = (
			);
			dependencies = (
				66B76942200CBAD10073AD5C /* PBXTargetDependency */,
			);
			name = DaypaperUITests;
			productName = DaypaperUITests;
			productReference = 66B76940200CBAD10073AD5C /* DaypaperUITests.xctest */;
			productType = "com.apple.product-type.bundle.ui-testing";
		};
/* End PBXNativeTarget section */

/* Begin PBXProject section */
		66B7691D200CBAD10073AD5C /* Project object */ = {
			isa = PBXProject;
			attributes = {
				LastSwiftUpdateCheck = 0920;
				LastUpgradeCheck = 0920;
				ORGANIZATIONNAME = "Maksimov Andrey Aleksandrovich";
				TargetAttributes = {
					66B76924200CBAD10073AD5C = {
						CreatedOnToolsVersion = 9.2;
						ProvisioningStyle = Automatic;
						SystemCapabilities = {
							com.apple.Sandbox = {
								enabled = 1;
							};
						};
					};
					66B76934200CBAD10073AD5C = {
						CreatedOnToolsVersion = 9.2;
						ProvisioningStyle = Automatic;
						TestTargetID = 66B76924200CBAD10073AD5C;
					};
					66B7693F200CBAD10073AD5C = {
						CreatedOnToolsVersion = 9.2;
						ProvisioningStyle = Automatic;
						TestTargetID = 66B76924200CBAD10073AD5C;
					};
				};
			};
			buildConfigurationList = 66B76920200CBAD10073AD5C /* Build configuration list for PBXProject "Daypaper" */;
			compatibilityVersion = "Xcode 8.0";
			developmentRegion = en;
			hasScannedForEncodings = 0;
			knownRegions = (
				en,
				Base,
			);
			mainGroup = 66B7691C200CBAD10073AD5C;
			productRefGroup = 66B76926200CBAD10073AD5C /* Products */;
			projectDirPath = "";
			projectRoot = "";
			targets = (
				66B76924200CBAD10073AD5C /* Daypaper */,
				66B76934200CBAD10073AD5C /* DaypaperTests */,
				66B7693F200CBAD10073AD5C /* DaypaperUITests */,
			);
		};
/* End PBXProject section */

/* Begin PBXResourcesBuildPhase section */
		66B76923200CBAD10073AD5C /* Resources */ = {
			isa = PBXResourcesBuildPhase;
			buildActionMask = 2147483647;
			files = (
				66B76953200CBBA20073AD5C /* Images.xcassets in Resources */,
				66B7692B200CBAD10073AD5C /* Assets.xcassets in Resources */,
				66B7692E200CBAD10073AD5C /* MainMenu.xib in Resources */,
			);
			runOnlyForDeploymentPostprocessing = 0;
		};
		66B76933200CBAD10073AD5C /* Resources */ = {
			isa = PBXResourcesBuildPhase;
			buildActionMask = 2147483647;
			files = (
			);
			runOnlyForDeploymentPostprocessing = 0;
		};
		66B7693E200CBAD10073AD5C /* Resources */ = {
			isa = PBXResourcesBuildPhase;
			buildActionMask = 2147483647;
			files = (
			);
			runOnlyForDeploymentPostprocessing = 0;
		};
/* End PBXResourcesBuildPhase section */

/* Begin PBXShellScriptBuildPhase section */
		09088156AB7FC877EBBD5814 /* [CP] Embed Pods Frameworks */ = {
			isa = PBXShellScriptBuildPhase;
			buildActionMask = 2147483647;
			files = (
			);
			inputPaths = (
			);
			name = "[CP] Embed Pods Frameworks";
			outputPaths = (
			);
			runOnlyForDeploymentPostprocessing = 0;
			shellPath = /bin/sh;
			shellScript = "\"${SRCROOT}/Pods/Target Support Files/Pods-DaypaperTests/Pods-DaypaperTests-frameworks.sh\"\n";
			showEnvVarsInLog = 0;
		};
		24A775DCD04E7C979066B488 /* [CP] Copy Pods Resources */ = {
			isa = PBXShellScriptBuildPhase;
			buildActionMask = 2147483647;
			files = (
			);
			inputPaths = (
			);
			name = "[CP] Copy Pods Resources";
			outputPaths = (
			);
			runOnlyForDeploymentPostprocessing = 0;
			shellPath = /bin/sh;
			shellScript = "\"${SRCROOT}/Pods/Target Support Files/Pods-DaypaperUITests/Pods-DaypaperUITests-resources.sh\"\n";
			showEnvVarsInLog = 0;
		};
		4DE1AADF0B39D59B1C7E8D98 /* [CP] Copy Pods Resources */ = {
			isa = PBXShellScriptBuildPhase;
			buildActionMask = 2147483647;
			files = (
			);
			inputPaths = (
			);
			name = "[CP] Copy Pods Resources";
			outputPaths = (
			);
			runOnlyForDeploymentPostprocessing = 0;
			shellPath = /bin/sh;
			shellScript = "\"${SRCROOT}/Pods/Target Support Files/Pods-Daypaper/Pods-Daypaper-resources.sh\"\n";
			showEnvVarsInLog = 0;
		};
		66E437B2200E297900204CD1 /* ShellScript */ = {
			isa = PBXShellScriptBuildPhase;
			buildActionMask = 2147483647;
			files = (
			);
			inputPaths = (
			);
			outputPaths = (
			);
			runOnlyForDeploymentPostprocessing = 0;
			shellPath = /bin/sh;
			shellScript = "\"${PODS_ROOT}/Fabric/run\" dae6eb31c0f72f2355c5d5dd490f997379aba780 b19f9c968eae88134caa8f59bdd00a55ce5fac9dcd8c750a69fe59257a27e27a";
		};
		66E437B3200E29E700204CD1 /* ShellScript */ = {
			isa = PBXShellScriptBuildPhase;
			buildActionMask = 2147483647;
			files = (
			);
			inputPaths = (
			);
			outputPaths = (
			);
			runOnlyForDeploymentPostprocessing = 0;
			shellPath = /bin/sh;
			shellScript = "\"${PODS_ROOT}/Fabric/run\" dae6eb31c0f72f2355c5d5dd490f997379aba780 b19f9c968eae88134caa8f59bdd00a55ce5fac9dcd8c750a69fe59257a27e27a";
		};
		6EFB4C476D5230EE3050B01D /* [CP] Check Pods Manifest.lock */ = {
			isa = PBXShellScriptBuildPhase;
			buildActionMask = 2147483647;
			files = (
			);
			inputPaths = (
				"${PODS_PODFILE_DIR_PATH}/Podfile.lock",
				"${PODS_ROOT}/Manifest.lock",
			);
			name = "[CP] Check Pods Manifest.lock";
			outputPaths = (
				"$(DERIVED_FILE_DIR)/Pods-Daypaper-checkManifestLockResult.txt",
			);
			runOnlyForDeploymentPostprocessing = 0;
			shellPath = /bin/sh;
			shellScript = "diff \"${PODS_PODFILE_DIR_PATH}/Podfile.lock\" \"${PODS_ROOT}/Manifest.lock\" > /dev/null\nif [ $? != 0 ] ; then\n    # print error to STDERR\n    echo \"error: The sandbox is not in sync with the Podfile.lock. Run 'pod install' or update your CocoaPods installation.\" >&2\n    exit 1\nfi\n# This output is used by Xcode 'outputs' to avoid re-running this script phase.\necho \"SUCCESS\" > \"${SCRIPT_OUTPUT_FILE_0}\"\n";
			showEnvVarsInLog = 0;
		};
		7440AEE2969BD29070956643 /* [CP] Copy Pods Resources */ = {
			isa = PBXShellScriptBuildPhase;
			buildActionMask = 2147483647;
			files = (
			);
			inputPaths = (
			);
			name = "[CP] Copy Pods Resources";
			outputPaths = (
			);
			runOnlyForDeploymentPostprocessing = 0;
			shellPath = /bin/sh;
			shellScript = "\"${SRCROOT}/Pods/Target Support Files/Pods-DaypaperTests/Pods-DaypaperTests-resources.sh\"\n";
			showEnvVarsInLog = 0;
		};
		77CB4B4180FB69946E7BE0D0 /* [CP] Embed Pods Frameworks */ = {
			isa = PBXShellScriptBuildPhase;
			buildActionMask = 2147483647;
			files = (
			);
			inputPaths = (
				"${SRCROOT}/Pods/Target Support Files/Pods-Daypaper/Pods-Daypaper-frameworks.sh",
				"${BUILT_PRODUCTS_DIR}/Fuzi/Fuzi.framework",
				"${BUILT_PRODUCTS_DIR}/Nuke/Nuke.framework",
				"${BUILT_PRODUCTS_DIR}/SwiftDate/SwiftDate.framework",
				"${BUILT_PRODUCTS_DIR}/SwiftHTTP/SwiftHTTP.framework",
			);
			name = "[CP] Embed Pods Frameworks";
			outputPaths = (
				"${TARGET_BUILD_DIR}/${FRAMEWORKS_FOLDER_PATH}/Fuzi.framework",
				"${TARGET_BUILD_DIR}/${FRAMEWORKS_FOLDER_PATH}/Nuke.framework",
				"${TARGET_BUILD_DIR}/${FRAMEWORKS_FOLDER_PATH}/SwiftDate.framework",
				"${TARGET_BUILD_DIR}/${FRAMEWORKS_FOLDER_PATH}/SwiftHTTP.framework",
			);
			runOnlyForDeploymentPostprocessing = 0;
			shellPath = /bin/sh;
			shellScript = "\"${SRCROOT}/Pods/Target Support Files/Pods-Daypaper/Pods-Daypaper-frameworks.sh\"\n";
			showEnvVarsInLog = 0;
		};
		A11CB3B442695089514E37A0 /* [CP] Check Pods Manifest.lock */ = {
			isa = PBXShellScriptBuildPhase;
			buildActionMask = 2147483647;
			files = (
			);
			inputPaths = (
				"${PODS_PODFILE_DIR_PATH}/Podfile.lock",
				"${PODS_ROOT}/Manifest.lock",
			);
			name = "[CP] Check Pods Manifest.lock";
			outputPaths = (
				"$(DERIVED_FILE_DIR)/Pods-DaypaperUITests-checkManifestLockResult.txt",
			);
			runOnlyForDeploymentPostprocessing = 0;
			shellPath = /bin/sh;
			shellScript = "diff \"${PODS_PODFILE_DIR_PATH}/Podfile.lock\" \"${PODS_ROOT}/Manifest.lock\" > /dev/null\nif [ $? != 0 ] ; then\n    # print error to STDERR\n    echo \"error: The sandbox is not in sync with the Podfile.lock. Run 'pod install' or update your CocoaPods installation.\" >&2\n    exit 1\nfi\n# This output is used by Xcode 'outputs' to avoid re-running this script phase.\necho \"SUCCESS\" > \"${SCRIPT_OUTPUT_FILE_0}\"\n";
			showEnvVarsInLog = 0;
		};
		B1333D825D69D0B4DBD30AC2 /* [CP] Embed Pods Frameworks */ = {
			isa = PBXShellScriptBuildPhase;
			buildActionMask = 2147483647;
			files = (
			);
			inputPaths = (
			);
			name = "[CP] Embed Pods Frameworks";
			outputPaths = (
			);
			runOnlyForDeploymentPostprocessing = 0;
			shellPath = /bin/sh;
			shellScript = "\"${SRCROOT}/Pods/Target Support Files/Pods-DaypaperUITests/Pods-DaypaperUITests-frameworks.sh\"\n";
			showEnvVarsInLog = 0;
		};
		C028B839D41BDED08EA37329 /* [CP] Check Pods Manifest.lock */ = {
			isa = PBXShellScriptBuildPhase;
			buildActionMask = 2147483647;
			files = (
			);
			inputPaths = (
				"${PODS_PODFILE_DIR_PATH}/Podfile.lock",
				"${PODS_ROOT}/Manifest.lock",
			);
			name = "[CP] Check Pods Manifest.lock";
			outputPaths = (
				"$(DERIVED_FILE_DIR)/Pods-DaypaperTests-checkManifestLockResult.txt",
			);
			runOnlyForDeploymentPostprocessing = 0;
			shellPath = /bin/sh;
			shellScript = "diff \"${PODS_PODFILE_DIR_PATH}/Podfile.lock\" \"${PODS_ROOT}/Manifest.lock\" > /dev/null\nif [ $? != 0 ] ; then\n    # print error to STDERR\n    echo \"error: The sandbox is not in sync with the Podfile.lock. Run 'pod install' or update your CocoaPods installation.\" >&2\n    exit 1\nfi\n# This output is used by Xcode 'outputs' to avoid re-running this script phase.\necho \"SUCCESS\" > \"${SCRIPT_OUTPUT_FILE_0}\"\n";
			showEnvVarsInLog = 0;
		};
/* End PBXShellScriptBuildPhase section */

/* Begin PBXSourcesBuildPhase section */
		66B76921200CBAD10073AD5C /* Sources */ = {
			isa = PBXSourcesBuildPhase;
			buildActionMask = 2147483647;
			files = (
				66B76929200CBAD10073AD5C /* AppDelegate.swift in Sources */,
			);
			runOnlyForDeploymentPostprocessing = 0;
		};
		66B76931200CBAD10073AD5C /* Sources */ = {
			isa = PBXSourcesBuildPhase;
			buildActionMask = 2147483647;
			files = (
				66B7693A200CBAD10073AD5C /* DaypaperTests.swift in Sources */,
			);
			runOnlyForDeploymentPostprocessing = 0;
		};
		66B7693C200CBAD10073AD5C /* Sources */ = {
			isa = PBXSourcesBuildPhase;
			buildActionMask = 2147483647;
			files = (
			);
			runOnlyForDeploymentPostprocessing = 0;
		};
/* End PBXSourcesBuildPhase section */

/* Begin PBXTargetDependency section */
		66B76937200CBAD10073AD5C /* PBXTargetDependency */ = {
			isa = PBXTargetDependency;
			target = 66B76924200CBAD10073AD5C /* Daypaper */;
			targetProxy = 66B76936200CBAD10073AD5C /* PBXContainerItemProxy */;
		};
		66B76942200CBAD10073AD5C /* PBXTargetDependency */ = {
			isa = PBXTargetDependency;
			target = 66B76924200CBAD10073AD5C /* Daypaper */;
			targetProxy = 66B76941200CBAD10073AD5C /* PBXContainerItemProxy */;
		};
/* End PBXTargetDependency section */

/* Begin PBXVariantGroup section */
		66B7692C200CBAD10073AD5C /* MainMenu.xib */ = {
			isa = PBXVariantGroup;
			children = (
				66B7692D200CBAD10073AD5C /* Base */,
			);
			name = MainMenu.xib;
			sourceTree = "<group>";
		};
/* End PBXVariantGroup section */

/* Begin XCBuildConfiguration section */
		66B76947200CBAD10073AD5C /* Debug */ = {
			isa = XCBuildConfiguration;
			buildSettings = {
				ALWAYS_SEARCH_USER_PATHS = NO;
				CLANG_ANALYZER_NONNULL = YES;
				CLANG_ANALYZER_NUMBER_OBJECT_CONVERSION = YES_AGGRESSIVE;
				CLANG_CXX_LANGUAGE_STANDARD = "gnu++14";
				CLANG_CXX_LIBRARY = "libc++";
				CLANG_ENABLE_MODULES = YES;
				CLANG_ENABLE_OBJC_ARC = YES;
				CLANG_WARN_BLOCK_CAPTURE_AUTORELEASING = YES;
				CLANG_WARN_BOOL_CONVERSION = YES;
				CLANG_WARN_COMMA = YES;
				CLANG_WARN_CONSTANT_CONVERSION = YES;
				CLANG_WARN_DIRECT_OBJC_ISA_USAGE = YES_ERROR;
				CLANG_WARN_DOCUMENTATION_COMMENTS = YES;
				CLANG_WARN_EMPTY_BODY = YES;
				CLANG_WARN_ENUM_CONVERSION = YES;
				CLANG_WARN_INFINITE_RECURSION = YES;
				CLANG_WARN_INT_CONVERSION = YES;
				CLANG_WARN_NON_LITERAL_NULL_CONVERSION = YES;
				CLANG_WARN_OBJC_LITERAL_CONVERSION = YES;
				CLANG_WARN_OBJC_ROOT_CLASS = YES_ERROR;
				CLANG_WARN_RANGE_LOOP_ANALYSIS = YES;
				CLANG_WARN_STRICT_PROTOTYPES = YES;
				CLANG_WARN_SUSPICIOUS_MOVE = YES;
				CLANG_WARN_UNGUARDED_AVAILABILITY = YES_AGGRESSIVE;
				CLANG_WARN_UNREACHABLE_CODE = YES;
				CLANG_WARN__DUPLICATE_METHOD_MATCH = YES;
				CODE_SIGN_IDENTITY = "Mac Developer";
				COPY_PHASE_STRIP = NO;
				DEBUG_INFORMATION_FORMAT = dwarf;
				ENABLE_STRICT_OBJC_MSGSEND = YES;
				ENABLE_TESTABILITY = YES;
				GCC_C_LANGUAGE_STANDARD = gnu11;
				GCC_DYNAMIC_NO_PIC = NO;
				GCC_NO_COMMON_BLOCKS = YES;
				GCC_OPTIMIZATION_LEVEL = 0;
				GCC_PREPROCESSOR_DEFINITIONS = (
					"DEBUG=1",
					"$(inherited)",
				);
				GCC_WARN_64_TO_32_BIT_CONVERSION = YES;
				GCC_WARN_ABOUT_RETURN_TYPE = YES_ERROR;
				GCC_WARN_UNDECLARED_SELECTOR = YES;
				GCC_WARN_UNINITIALIZED_AUTOS = YES_AGGRESSIVE;
				GCC_WARN_UNUSED_FUNCTION = YES;
				GCC_WARN_UNUSED_VARIABLE = YES;
				MACOSX_DEPLOYMENT_TARGET = 10.13;
				MTL_ENABLE_DEBUG_INFO = YES;
				ONLY_ACTIVE_ARCH = YES;
				SDKROOT = macosx;
				SWIFT_ACTIVE_COMPILATION_CONDITIONS = DEBUG;
				SWIFT_OPTIMIZATION_LEVEL = "-Onone";
			};
			name = Debug;
		};
		66B76948200CBAD10073AD5C /* Release */ = {
			isa = XCBuildConfiguration;
			buildSettings = {
				ALWAYS_SEARCH_USER_PATHS = NO;
				CLANG_ANALYZER_NONNULL = YES;
				CLANG_ANALYZER_NUMBER_OBJECT_CONVERSION = YES_AGGRESSIVE;
				CLANG_CXX_LANGUAGE_STANDARD = "gnu++14";
				CLANG_CXX_LIBRARY = "libc++";
				CLANG_ENABLE_MODULES = YES;
				CLANG_ENABLE_OBJC_ARC = YES;
				CLANG_WARN_BLOCK_CAPTURE_AUTORELEASING = YES;
				CLANG_WARN_BOOL_CONVERSION = YES;
				CLANG_WARN_COMMA = YES;
				CLANG_WARN_CONSTANT_CONVERSION = YES;
				CLANG_WARN_DIRECT_OBJC_ISA_USAGE = YES_ERROR;
				CLANG_WARN_DOCUMENTATION_COMMENTS = YES;
				CLANG_WARN_EMPTY_BODY = YES;
				CLANG_WARN_ENUM_CONVERSION = YES;
				CLANG_WARN_INFINITE_RECURSION = YES;
				CLANG_WARN_INT_CONVERSION = YES;
				CLANG_WARN_NON_LITERAL_NULL_CONVERSION = YES;
				CLANG_WARN_OBJC_LITERAL_CONVERSION = YES;
				CLANG_WARN_OBJC_ROOT_CLASS = YES_ERROR;
				CLANG_WARN_RANGE_LOOP_ANALYSIS = YES;
				CLANG_WARN_STRICT_PROTOTYPES = YES;
				CLANG_WARN_SUSPICIOUS_MOVE = YES;
				CLANG_WARN_UNGUARDED_AVAILABILITY = YES_AGGRESSIVE;
				CLANG_WARN_UNREACHABLE_CODE = YES;
				CLANG_WARN__DUPLICATE_METHOD_MATCH = YES;
				CODE_SIGN_IDENTITY = "Mac Developer";
				COPY_PHASE_STRIP = NO;
				DEBUG_INFORMATION_FORMAT = "dwarf-with-dsym";
				ENABLE_NS_ASSERTIONS = NO;
				ENABLE_STRICT_OBJC_MSGSEND = YES;
				GCC_C_LANGUAGE_STANDARD = gnu11;
				GCC_NO_COMMON_BLOCKS = YES;
				GCC_WARN_64_TO_32_BIT_CONVERSION = YES;
				GCC_WARN_ABOUT_RETURN_TYPE = YES_ERROR;
				GCC_WARN_UNDECLARED_SELECTOR = YES;
				GCC_WARN_UNINITIALIZED_AUTOS = YES_AGGRESSIVE;
				GCC_WARN_UNUSED_FUNCTION = YES;
				GCC_WARN_UNUSED_VARIABLE = YES;
				MACOSX_DEPLOYMENT_TARGET = 10.13;
				MTL_ENABLE_DEBUG_INFO = NO;
				SDKROOT = macosx;
				SWIFT_OPTIMIZATION_LEVEL = "-Owholemodule";
			};
			name = Release;
		};
		66B7694A200CBAD10073AD5C /* Debug */ = {
			isa = XCBuildConfiguration;
			baseConfigurationReference = C1834BA9F5987781A8047D68 /* Pods-Daypaper.debug.xcconfig */;
			buildSettings = {
				ASSETCATALOG_COMPILER_APPICON_NAME = DaypaperIcon;
				CODE_SIGN_ENTITLEMENTS = Daypaper/Daypaper.entitlements;
				CODE_SIGN_IDENTITY = "Mac Developer";
				CODE_SIGN_STYLE = Automatic;
				COMBINE_HIDPI_IMAGES = YES;
				DEVELOPMENT_TEAM = 5ZP3JBY5FU;
				INFOPLIST_FILE = Daypaper/Info.plist;
				LD_RUNPATH_SEARCH_PATHS = "$(inherited) @executable_path/../Frameworks";
				MACOSX_DEPLOYMENT_TARGET = 10.11;
				PRODUCT_BUNDLE_IDENTIFIER = me.meamka.daypaper;
				PRODUCT_NAME = "$(TARGET_NAME)";
				PROVISIONING_PROFILE_SPECIFIER = "";
				SWIFT_VERSION = 4.0;
			};
			name = Debug;
		};
		66B7694B200CBAD10073AD5C /* Release */ = {
			isa = XCBuildConfiguration;
			baseConfigurationReference = 047BAFAD79CD9513C4C6AE42 /* Pods-Daypaper.release.xcconfig */;
			buildSettings = {
				ASSETCATALOG_COMPILER_APPICON_NAME = DaypaperIcon;
				CODE_SIGN_ENTITLEMENTS = Daypaper/Daypaper.entitlements;
				CODE_SIGN_IDENTITY = "Mac Developer";
				CODE_SIGN_STYLE = Automatic;
				COMBINE_HIDPI_IMAGES = YES;
				DEVELOPMENT_TEAM = 5ZP3JBY5FU;
				INFOPLIST_FILE = Daypaper/Info.plist;
				LD_RUNPATH_SEARCH_PATHS = "$(inherited) @executable_path/../Frameworks";
				MACOSX_DEPLOYMENT_TARGET = 10.11;
				PRODUCT_BUNDLE_IDENTIFIER = me.meamka.daypaper;
				PRODUCT_NAME = "$(TARGET_NAME)";
				PROVISIONING_PROFILE_SPECIFIER = "";
				SWIFT_VERSION = 4.0;
			};
			name = Release;
		};
		66B7694D200CBAD10073AD5C /* Debug */ = {
			isa = XCBuildConfiguration;
			baseConfigurationReference = A683B655F8E390185CE0644A /* Pods-DaypaperTests.debug.xcconfig */;
			buildSettings = {
				ALWAYS_EMBED_SWIFT_STANDARD_LIBRARIES = YES;
				BUNDLE_LOADER = "$(TEST_HOST)";
				CODE_SIGN_STYLE = Automatic;
				COMBINE_HIDPI_IMAGES = YES;
				DEVELOPMENT_TEAM = 5ZP3JBY5FU;
				INFOPLIST_FILE = DaypaperTests/Info.plist;
				LD_RUNPATH_SEARCH_PATHS = "$(inherited) @executable_path/../Frameworks @loader_path/../Frameworks";
				PRODUCT_BUNDLE_IDENTIFIER = me.meamka.DaypaperTests;
				PRODUCT_NAME = "$(TARGET_NAME)";
				SWIFT_VERSION = 4.0;
				TEST_HOST = "$(BUILT_PRODUCTS_DIR)/Daypaper.app/Contents/MacOS/Daypaper";
			};
			name = Debug;
		};
		66B7694E200CBAD10073AD5C /* Release */ = {
			isa = XCBuildConfiguration;
			baseConfigurationReference = B0EAF668AF9D97A33E0D6971 /* Pods-DaypaperTests.release.xcconfig */;
			buildSettings = {
				ALWAYS_EMBED_SWIFT_STANDARD_LIBRARIES = YES;
				BUNDLE_LOADER = "$(TEST_HOST)";
				CODE_SIGN_STYLE = Automatic;
				COMBINE_HIDPI_IMAGES = YES;
				DEVELOPMENT_TEAM = 5ZP3JBY5FU;
				INFOPLIST_FILE = DaypaperTests/Info.plist;
				LD_RUNPATH_SEARCH_PATHS = "$(inherited) @executable_path/../Frameworks @loader_path/../Frameworks";
				PRODUCT_BUNDLE_IDENTIFIER = me.meamka.DaypaperTests;
				PRODUCT_NAME = "$(TARGET_NAME)";
				SWIFT_VERSION = 4.0;
				TEST_HOST = "$(BUILT_PRODUCTS_DIR)/Daypaper.app/Contents/MacOS/Daypaper";
			};
			name = Release;
		};
		66B76950200CBAD10073AD5C /* Debug */ = {
			isa = XCBuildConfiguration;
			baseConfigurationReference = 1BCF0679B4A841C49ECC09C2 /* Pods-DaypaperUITests.debug.xcconfig */;
			buildSettings = {
				ALWAYS_EMBED_SWIFT_STANDARD_LIBRARIES = YES;
				CODE_SIGN_STYLE = Automatic;
				COMBINE_HIDPI_IMAGES = YES;
				DEVELOPMENT_TEAM = 5ZP3JBY5FU;
				INFOPLIST_FILE = DaypaperUITests/Info.plist;
				LD_RUNPATH_SEARCH_PATHS = "$(inherited) @executable_path/../Frameworks @loader_path/../Frameworks";
				PRODUCT_BUNDLE_IDENTIFIER = me.meamka.DaypaperUITests;
				PRODUCT_NAME = "$(TARGET_NAME)";
				SWIFT_VERSION = 4.0;
				TEST_TARGET_NAME = Daypaper;
			};
			name = Debug;
		};
		66B76951200CBAD10073AD5C /* Release */ = {
			isa = XCBuildConfiguration;
			baseConfigurationReference = 6C2F3BD6093B78575EBC9E25 /* Pods-DaypaperUITests.release.xcconfig */;
			buildSettings = {
				ALWAYS_EMBED_SWIFT_STANDARD_LIBRARIES = YES;
				CODE_SIGN_STYLE = Automatic;
				COMBINE_HIDPI_IMAGES = YES;
				DEVELOPMENT_TEAM = 5ZP3JBY5FU;
				INFOPLIST_FILE = DaypaperUITests/Info.plist;
				LD_RUNPATH_SEARCH_PATHS = "$(inherited) @executable_path/../Frameworks @loader_path/../Frameworks";
				PRODUCT_BUNDLE_IDENTIFIER = me.meamka.DaypaperUITests;
				PRODUCT_NAME = "$(TARGET_NAME)";
				SWIFT_VERSION = 4.0;
				TEST_TARGET_NAME = Daypaper;
			};
			name = Release;
		};
/* End XCBuildConfiguration section */

/* Begin XCConfigurationList section */
		66B76920200CBAD10073AD5C /* Build configuration list for PBXProject "Daypaper" */ = {
			isa = XCConfigurationList;
			buildConfigurations = (
				66B76947200CBAD10073AD5C /* Debug */,
				66B76948200CBAD10073AD5C /* Release */,
			);
			defaultConfigurationIsVisible = 0;
			defaultConfigurationName = Release;
		};
		66B76949200CBAD10073AD5C /* Build configuration list for PBXNativeTarget "Daypaper" */ = {
			isa = XCConfigurationList;
			buildConfigurations = (
				66B7694A200CBAD10073AD5C /* Debug */,
				66B7694B200CBAD10073AD5C /* Release */,
			);
			defaultConfigurationIsVisible = 0;
			defaultConfigurationName = Release;
		};
		66B7694C200CBAD10073AD5C /* Build configuration list for PBXNativeTarget "DaypaperTests" */ = {
			isa = XCConfigurationList;
			buildConfigurations = (
				66B7694D200CBAD10073AD5C /* Debug */,
				66B7694E200CBAD10073AD5C /* Release */,
			);
			defaultConfigurationIsVisible = 0;
			defaultConfigurationName = Release;
		};
		66B7694F200CBAD10073AD5C /* Build configuration list for PBXNativeTarget "DaypaperUITests" */ = {
			isa = XCConfigurationList;
			buildConfigurations = (
				66B76950200CBAD10073AD5C /* Debug */,
				66B76951200CBAD10073AD5C /* Release */,
			);
			defaultConfigurationIsVisible = 0;
			defaultConfigurationName = Release;
		};
/* End XCConfigurationList section */
	};
	rootObject = 66B7691D200CBAD10073AD5C /* Project object */;
}
