// !$*UTF8*$!
{
	archiveVersion = 1;
	classes = {
	};
	objectVersion = 46;
	objects = {

/* Begin PBXBuildFile section */
		2A243B4B1BA5709900277349 /* NSString+BetweenTags.m in Sources */ = {isa = PBXBuildFile; fileRef = 2A243B4A1BA5709900277349 /* NSString+BetweenTags.m */; };
		2A8AFD4A1ABEE15600324EEE /* dsa_pub.pem in Resources */ = {isa = PBXBuildFile; fileRef = 2A8AFD491ABEE15600324EEE /* dsa_pub.pem */; };
		2AC74C761ABEFC180038FCBE /* Credits.rtf in Resources */ = {isa = PBXBuildFile; fileRef = 2AC74C781ABEFC180038FCBE /* Credits.rtf */; };
		2AC74C7C1ABEFD370038FCBE /* Localizable.strings in Resources */ = {isa = PBXBuildFile; fileRef = 2AC74C7E1ABEFD370038FCBE /* Localizable.strings */; };
		2AE290C41AB86C2300DAC95B /* AppDelegate.m in Sources */ = {isa = PBXBuildFile; fileRef = 2AE290C31AB86C2300DAC95B /* AppDelegate.m */; };
		2AE290C61AB86C2300DAC95B /* main.m in Sources */ = {isa = PBXBuildFile; fileRef = 2AE290C51AB86C2300DAC95B /* main.m */; };
		2AE290C81AB86C2300DAC95B /* Images.xcassets in Resources */ = {isa = PBXBuildFile; fileRef = 2AE290C71AB86C2300DAC95B /* Images.xcassets */; };
		2AE290CB1AB86C2300DAC95B /* MainMenu.xib in Resources */ = {isa = PBXBuildFile; fileRef = 2AE290C91AB86C2300DAC95B /* MainMenu.xib */; };
		2AE290D71AB86C2300DAC95B /* DaypaperTests.m in Sources */ = {isa = PBXBuildFile; fileRef = 2AE290D61AB86C2300DAC95B /* DaypaperTests.m */; };
		63F72AC3831C42A735790D1B /* libPods-DaypaperTests.a in Frameworks */ = {isa = PBXBuildFile; fileRef = 5FC889E226AB9757E8C6B07B /* libPods-DaypaperTests.a */; };
		EE3A8650E9750A8F9287CCB9 /* libPods-Daypaper.a in Frameworks */ = {isa = PBXBuildFile; fileRef = 28C6D04EAC423E5101CD0F46 /* libPods-Daypaper.a */; };
/* End PBXBuildFile section */

/* Begin PBXContainerItemProxy section */
		2AE290D11AB86C2300DAC95B /* PBXContainerItemProxy */ = {
			isa = PBXContainerItemProxy;
			containerPortal = 2AE290B51AB86C2300DAC95B /* Project object */;
			proxyType = 1;
			remoteGlobalIDString = 2AE290BC1AB86C2300DAC95B;
			remoteInfo = Daypaper;
		};
/* End PBXContainerItemProxy section */

/* Begin PBXFileReference section */
		1F556347323C57E37016DC6C /* Pods-DaypaperTests.debug.xcconfig */ = {isa = PBXFileReference; includeInIndex = 1; lastKnownFileType = text.xcconfig; name = "Pods-DaypaperTests.debug.xcconfig"; path = "Pods/Target Support Files/Pods-DaypaperTests/Pods-DaypaperTests.debug.xcconfig"; sourceTree = "<group>"; };
		28C6D04EAC423E5101CD0F46 /* libPods-Daypaper.a */ = {isa = PBXFileReference; explicitFileType = archive.ar; includeInIndex = 0; path = "libPods-Daypaper.a"; sourceTree = BUILT_PRODUCTS_DIR; };
		2A0C10BD1D29D2F00024332E /* Daypaper.entitlements */ = {isa = PBXFileReference; lastKnownFileType = text.xml; path = Daypaper.entitlements; sourceTree = "<group>"; };
		2A243B491BA5709900277349 /* NSString+BetweenTags.h */ = {isa = PBXFileReference; fileEncoding = 4; lastKnownFileType = sourcecode.c.h; path = "NSString+BetweenTags.h"; sourceTree = "<group>"; };
		2A243B4A1BA5709900277349 /* NSString+BetweenTags.m */ = {isa = PBXFileReference; fileEncoding = 4; lastKnownFileType = sourcecode.c.objc; path = "NSString+BetweenTags.m"; sourceTree = "<group>"; };
		2A8AFD491ABEE15600324EEE /* dsa_pub.pem */ = {isa = PBXFileReference; fileEncoding = 4; lastKnownFileType = text; path = dsa_pub.pem; sourceTree = "<group>"; };
		2AC74C771ABEFC180038FCBE /* Base */ = {isa = PBXFileReference; lastKnownFileType = text.rtf; name = Base; path = Base.lproj/Credits.rtf; sourceTree = "<group>"; };
		2AC74C791ABEFC1A0038FCBE /* ru */ = {isa = PBXFileReference; lastKnownFileType = text.rtf; name = ru; path = ru.lproj/Credits.rtf; sourceTree = "<group>"; };
		2AC74C7D1ABEFD370038FCBE /* Base */ = {isa = PBXFileReference; lastKnownFileType = text.plist.strings; name = Base; path = Base.lproj/Localizable.strings; sourceTree = "<group>"; };
		2AC74C7F1ABEFDBA0038FCBE /* ru */ = {isa = PBXFileReference; lastKnownFileType = text.plist.strings; name = ru; path = ru.lproj/Localizable.strings; sourceTree = "<group>"; };
		2AD9B3661AD9E4D600E901D3 /* ru */ = {isa = PBXFileReference; lastKnownFileType = text.plist.strings; name = ru; path = ru.lproj/MainMenu.strings; sourceTree = "<group>"; };
		2AE290BD1AB86C2300DAC95B /* Daypaper.app */ = {isa = PBXFileReference; explicitFileType = wrapper.application; includeInIndex = 0; path = Daypaper.app; sourceTree = BUILT_PRODUCTS_DIR; };
		2AE290C11AB86C2300DAC95B /* Info.plist */ = {isa = PBXFileReference; lastKnownFileType = text.plist.xml; path = Info.plist; sourceTree = "<group>"; };
		2AE290C21AB86C2300DAC95B /* AppDelegate.h */ = {isa = PBXFileReference; lastKnownFileType = sourcecode.c.h; path = AppDelegate.h; sourceTree = "<group>"; };
		2AE290C31AB86C2300DAC95B /* AppDelegate.m */ = {isa = PBXFileReference; lastKnownFileType = sourcecode.c.objc; path = AppDelegate.m; sourceTree = "<group>"; };
		2AE290C51AB86C2300DAC95B /* main.m */ = {isa = PBXFileReference; lastKnownFileType = sourcecode.c.objc; path = main.m; sourceTree = "<group>"; };
		2AE290C71AB86C2300DAC95B /* Images.xcassets */ = {isa = PBXFileReference; lastKnownFileType = folder.assetcatalog; path = Images.xcassets; sourceTree = "<group>"; };
		2AE290CA1AB86C2300DAC95B /* Base */ = {isa = PBXFileReference; lastKnownFileType = file.xib; name = Base; path = Base.lproj/MainMenu.xib; sourceTree = "<group>"; };
		2AE290D01AB86C2300DAC95B /* DaypaperTests.xctest */ = {isa = PBXFileReference; explicitFileType = wrapper.cfbundle; includeInIndex = 0; path = DaypaperTests.xctest; sourceTree = BUILT_PRODUCTS_DIR; };
		2AE290D51AB86C2300DAC95B /* Info.plist */ = {isa = PBXFileReference; lastKnownFileType = text.plist.xml; path = Info.plist; sourceTree = "<group>"; };
		2AE290D61AB86C2300DAC95B /* DaypaperTests.m */ = {isa = PBXFileReference; lastKnownFileType = sourcecode.c.objc; path = DaypaperTests.m; sourceTree = "<group>"; };
		5AD32A5D7D5C7020344A5A77 /* Pods-Daypaper.release.xcconfig */ = {isa = PBXFileReference; includeInIndex = 1; lastKnownFileType = text.xcconfig; name = "Pods-Daypaper.release.xcconfig"; path = "Pods/Target Support Files/Pods-Daypaper/Pods-Daypaper.release.xcconfig"; sourceTree = "<group>"; };
		5FC889E226AB9757E8C6B07B /* libPods-DaypaperTests.a */ = {isa = PBXFileReference; explicitFileType = archive.ar; includeInIndex = 0; path = "libPods-DaypaperTests.a"; sourceTree = BUILT_PRODUCTS_DIR; };
		7AACA599A1708C6E0763CD47 /* Pods-Daypaper.debug.xcconfig */ = {isa = PBXFileReference; includeInIndex = 1; lastKnownFileType = text.xcconfig; name = "Pods-Daypaper.debug.xcconfig"; path = "Pods/Target Support Files/Pods-Daypaper/Pods-Daypaper.debug.xcconfig"; sourceTree = "<group>"; };
		92DEE3C2E8FC92E4C2EEE3D9 /* Pods-DaypaperTests.release.xcconfig */ = {isa = PBXFileReference; includeInIndex = 1; lastKnownFileType = text.xcconfig; name = "Pods-DaypaperTests.release.xcconfig"; path = "Pods/Target Support Files/Pods-DaypaperTests/Pods-DaypaperTests.release.xcconfig"; sourceTree = "<group>"; };
/* End PBXFileReference section */

/* Begin PBXFrameworksBuildPhase section */
		2AE290BA1AB86C2300DAC95B /* Frameworks */ = {
			isa = PBXFrameworksBuildPhase;
			buildActionMask = 2147483647;
			files = (
				EE3A8650E9750A8F9287CCB9 /* libPods-Daypaper.a in Frameworks */,
			);
			runOnlyForDeploymentPostprocessing = 0;
		};
		2AE290CD1AB86C2300DAC95B /* Frameworks */ = {
			isa = PBXFrameworksBuildPhase;
			buildActionMask = 2147483647;
			files = (
				63F72AC3831C42A735790D1B /* libPods-DaypaperTests.a in Frameworks */,
			);
			runOnlyForDeploymentPostprocessing = 0;
		};
/* End PBXFrameworksBuildPhase section */

/* Begin PBXGroup section */
		2AE290B41AB86C2300DAC95B = {
			isa = PBXGroup;
			children = (
				2AE290BF1AB86C2300DAC95B /* Daypaper */,
				2AE290D31AB86C2300DAC95B /* DaypaperTests */,
				2AE290BE1AB86C2300DAC95B /* Products */,
				FA83FD3A33499179FB52F724 /* Pods */,
				ED62A9E217C2BAC10AA3FA41 /* Frameworks */,
			);
			sourceTree = "<group>";
		};
		2AE290BE1AB86C2300DAC95B /* Products */ = {
			isa = PBXGroup;
			children = (
				2AE290BD1AB86C2300DAC95B /* Daypaper.app */,
				2AE290D01AB86C2300DAC95B /* DaypaperTests.xctest */,
			);
			name = Products;
			sourceTree = "<group>";
		};
		2AE290BF1AB86C2300DAC95B /* Daypaper */ = {
			isa = PBXGroup;
			children = (
				2A0C10BD1D29D2F00024332E /* Daypaper.entitlements */,
				2A243B491BA5709900277349 /* NSString+BetweenTags.h */,
				2A243B4A1BA5709900277349 /* NSString+BetweenTags.m */,
				2AE290C21AB86C2300DAC95B /* AppDelegate.h */,
				2AE290C31AB86C2300DAC95B /* AppDelegate.m */,
				2AE290C71AB86C2300DAC95B /* Images.xcassets */,
				2AE290C91AB86C2300DAC95B /* MainMenu.xib */,
				2AE290C01AB86C2300DAC95B /* Supporting Files */,
			);
			path = Daypaper;
			sourceTree = "<group>";
		};
		2AE290C01AB86C2300DAC95B /* Supporting Files */ = {
			isa = PBXGroup;
			children = (
				2A8AFD491ABEE15600324EEE /* dsa_pub.pem */,
				2AE290C11AB86C2300DAC95B /* Info.plist */,
				2AE290C51AB86C2300DAC95B /* main.m */,
				2AC74C781ABEFC180038FCBE /* Credits.rtf */,
				2AC74C7E1ABEFD370038FCBE /* Localizable.strings */,
			);
			name = "Supporting Files";
			sourceTree = "<group>";
		};
		2AE290D31AB86C2300DAC95B /* DaypaperTests */ = {
			isa = PBXGroup;
			children = (
				2AE290D61AB86C2300DAC95B /* DaypaperTests.m */,
				2AE290D41AB86C2300DAC95B /* Supporting Files */,
			);
			path = DaypaperTests;
			sourceTree = "<group>";
		};
		2AE290D41AB86C2300DAC95B /* Supporting Files */ = {
			isa = PBXGroup;
			children = (
				2AE290D51AB86C2300DAC95B /* Info.plist */,
			);
			name = "Supporting Files";
			sourceTree = "<group>";
		};
		ED62A9E217C2BAC10AA3FA41 /* Frameworks */ = {
			isa = PBXGroup;
			children = (
				28C6D04EAC423E5101CD0F46 /* libPods-Daypaper.a */,
				5FC889E226AB9757E8C6B07B /* libPods-DaypaperTests.a */,
			);
			name = Frameworks;
			sourceTree = "<group>";
		};
		FA83FD3A33499179FB52F724 /* Pods */ = {
			isa = PBXGroup;
			children = (
				7AACA599A1708C6E0763CD47 /* Pods-Daypaper.debug.xcconfig */,
				5AD32A5D7D5C7020344A5A77 /* Pods-Daypaper.release.xcconfig */,
				1F556347323C57E37016DC6C /* Pods-DaypaperTests.debug.xcconfig */,
				92DEE3C2E8FC92E4C2EEE3D9 /* Pods-DaypaperTests.release.xcconfig */,
			);
			name = Pods;
			sourceTree = "<group>";
		};
/* End PBXGroup section */

/* Begin PBXNativeTarget section */
		2AE290BC1AB86C2300DAC95B /* Daypaper */ = {
			isa = PBXNativeTarget;
			buildConfigurationList = 2AE290DA1AB86C2300DAC95B /* Build configuration list for PBXNativeTarget "Daypaper" */;
			buildPhases = (
				A9C0CA0528B475AFA28DE73C /* [CP] Check Pods Manifest.lock */,
				2AE290B91AB86C2300DAC95B /* Sources */,
				2AE290BA1AB86C2300DAC95B /* Frameworks */,
				2AE290BB1AB86C2300DAC95B /* Resources */,
				BC38AA5AB198EFE1AA499E61 /* [CP] Embed Pods Frameworks */,
				0E69F7632250FDA05760C927 /* [CP] Copy Pods Resources */,
			);
			buildRules = (
			);
			dependencies = (
			);
			name = Daypaper;
			productName = Daypaper;
			productReference = 2AE290BD1AB86C2300DAC95B /* Daypaper.app */;
			productType = "com.apple.product-type.application";
		};
		2AE290CF1AB86C2300DAC95B /* DaypaperTests */ = {
			isa = PBXNativeTarget;
			buildConfigurationList = 2AE290DD1AB86C2300DAC95B /* Build configuration list for PBXNativeTarget "DaypaperTests" */;
			buildPhases = (
				88540010918FD8A09CEB187B /* [CP] Check Pods Manifest.lock */,
				2AE290CC1AB86C2300DAC95B /* Sources */,
				2AE290CD1AB86C2300DAC95B /* Frameworks */,
				2AE290CE1AB86C2300DAC95B /* Resources */,
				A30C181AB1D0D4FEDCFB4547 /* [CP] Embed Pods Frameworks */,
				50448D87C87371F912F408AF /* [CP] Copy Pods Resources */,
			);
			buildRules = (
			);
			dependencies = (
				2AE290D21AB86C2300DAC95B /* PBXTargetDependency */,
			);
			name = DaypaperTests;
			productName = DaypaperTests;
			productReference = 2AE290D01AB86C2300DAC95B /* DaypaperTests.xctest */;
			productType = "com.apple.product-type.bundle.unit-test";
		};
/* End PBXNativeTarget section */

/* Begin PBXProject section */
		2AE290B51AB86C2300DAC95B /* Project object */ = {
			isa = PBXProject;
			attributes = {
				LastUpgradeCheck = 0730;
				ORGANIZATIONNAME = "Andrey M";
				TargetAttributes = {
					2AE290BC1AB86C2300DAC95B = {
						CreatedOnToolsVersion = 6.2;
						DevelopmentTeam = 5ZP3JBY5FU;
						SystemCapabilities = {
							com.apple.Sandbox = {
								enabled = 1;
							};
						};
					};
					2AE290CF1AB86C2300DAC95B = {
						CreatedOnToolsVersion = 6.2;
						TestTargetID = 2AE290BC1AB86C2300DAC95B;
					};
				};
			};
			buildConfigurationList = 2AE290B81AB86C2300DAC95B /* Build configuration list for PBXProject "Daypaper" */;
			compatibilityVersion = "Xcode 3.2";
			developmentRegion = English;
			hasScannedForEncodings = 0;
			knownRegions = (
				en,
				Base,
				ru,
			);
			mainGroup = 2AE290B41AB86C2300DAC95B;
			productRefGroup = 2AE290BE1AB86C2300DAC95B /* Products */;
			projectDirPath = "";
			projectRoot = "";
			targets = (
				2AE290BC1AB86C2300DAC95B /* Daypaper */,
				2AE290CF1AB86C2300DAC95B /* DaypaperTests */,
			);
		};
/* End PBXProject section */

/* Begin PBXResourcesBuildPhase section */
		2AE290BB1AB86C2300DAC95B /* Resources */ = {
			isa = PBXResourcesBuildPhase;
			buildActionMask = 2147483647;
			files = (
				2AC74C7C1ABEFD370038FCBE /* Localizable.strings in Resources */,
				2AE290C81AB86C2300DAC95B /* Images.xcassets in Resources */,
				2A8AFD4A1ABEE15600324EEE /* dsa_pub.pem in Resources */,
				2AE290CB1AB86C2300DAC95B /* MainMenu.xib in Resources */,
				2AC74C761ABEFC180038FCBE /* Credits.rtf in Resources */,
			);
			runOnlyForDeploymentPostprocessing = 0;
		};
		2AE290CE1AB86C2300DAC95B /* Resources */ = {
			isa = PBXResourcesBuildPhase;
			buildActionMask = 2147483647;
			files = (
			);
			runOnlyForDeploymentPostprocessing = 0;
		};
/* End PBXResourcesBuildPhase section */

/* Begin PBXShellScriptBuildPhase section */
		0E69F7632250FDA05760C927 /* [CP] Copy Pods Resources */ = {
			isa = PBXShellScriptBuildPhase;
			buildActionMask = 2147483647;
			files = (
			);
			inputPaths = (
			);
			name = "[CP] Copy Pods Resources";
			outputPaths = (
			);
			runOnlyForDeploymentPostprocessing = 0;
			shellPath = /bin/sh;
			shellScript = "\"${SRCROOT}/Pods/Target Support Files/Pods-Daypaper/Pods-Daypaper-resources.sh\"\n";
			showEnvVarsInLog = 0;
		};
		50448D87C87371F912F408AF /* [CP] Copy Pods Resources */ = {
			isa = PBXShellScriptBuildPhase;
			buildActionMask = 2147483647;
			files = (
			);
			inputPaths = (
			);
			name = "[CP] Copy Pods Resources";
			outputPaths = (
			);
			runOnlyForDeploymentPostprocessing = 0;
			shellPath = /bin/sh;
			shellScript = "\"${SRCROOT}/Pods/Target Support Files/Pods-DaypaperTests/Pods-DaypaperTests-resources.sh\"\n";
			showEnvVarsInLog = 0;
		};
		88540010918FD8A09CEB187B /* [CP] Check Pods Manifest.lock */ = {
			isa = PBXShellScriptBuildPhase;
			buildActionMask = 2147483647;
			files = (
			);
			inputPaths = (
			);
			name = "[CP] Check Pods Manifest.lock";
			outputPaths = (
			);
			runOnlyForDeploymentPostprocessing = 0;
			shellPath = /bin/sh;
			shellScript = "diff \"${PODS_ROOT}/../Podfile.lock\" \"${PODS_ROOT}/Manifest.lock\" > /dev/null\nif [[ $? != 0 ]] ; then\n    cat << EOM\nerror: The sandbox is not in sync with the Podfile.lock. Run 'pod install' or update your CocoaPods installation.\nEOM\n    exit 1\nfi\n";
			showEnvVarsInLog = 0;
		};
		A30C181AB1D0D4FEDCFB4547 /* [CP] Embed Pods Frameworks */ = {
			isa = PBXShellScriptBuildPhase;
			buildActionMask = 2147483647;
			files = (
			);
			inputPaths = (
			);
			name = "[CP] Embed Pods Frameworks";
			outputPaths = (
			);
			runOnlyForDeploymentPostprocessing = 0;
			shellPath = /bin/sh;
			shellScript = "\"${SRCROOT}/Pods/Target Support Files/Pods-DaypaperTests/Pods-DaypaperTests-frameworks.sh\"\n";
			showEnvVarsInLog = 0;
		};
		A9C0CA0528B475AFA28DE73C /* [CP] Check Pods Manifest.lock */ = {
			isa = PBXShellScriptBuildPhase;
			buildActionMask = 2147483647;
			files = (
			);
			inputPaths = (
			);
			name = "[CP] Check Pods Manifest.lock";
			outputPaths = (
			);
			runOnlyForDeploymentPostprocessing = 0;
			shellPath = /bin/sh;
			shellScript = "diff \"${PODS_ROOT}/../Podfile.lock\" \"${PODS_ROOT}/Manifest.lock\" > /dev/null\nif [[ $? != 0 ]] ; then\n    cat << EOM\nerror: The sandbox is not in sync with the Podfile.lock. Run 'pod install' or update your CocoaPods installation.\nEOM\n    exit 1\nfi\n";
			showEnvVarsInLog = 0;
		};
		BC38AA5AB198EFE1AA499E61 /* [CP] Embed Pods Frameworks */ = {
			isa = PBXShellScriptBuildPhase;
			buildActionMask = 2147483647;
			files = (
			);
			inputPaths = (
			);
			name = "[CP] Embed Pods Frameworks";
			outputPaths = (
			);
			runOnlyForDeploymentPostprocessing = 0;
			shellPath = /bin/sh;
			shellScript = "\"${SRCROOT}/Pods/Target Support Files/Pods-Daypaper/Pods-Daypaper-frameworks.sh\"\n";
			showEnvVarsInLog = 0;
		};
/* End PBXShellScriptBuildPhase section */

/* Begin PBXSourcesBuildPhase section */
		2AE290B91AB86C2300DAC95B /* Sources */ = {
			isa = PBXSourcesBuildPhase;
			buildActionMask = 2147483647;
			files = (
				2AE290C61AB86C2300DAC95B /* main.m in Sources */,
				2A243B4B1BA5709900277349 /* NSString+BetweenTags.m in Sources */,
				2AE290C41AB86C2300DAC95B /* AppDelegate.m in Sources */,
			);
			runOnlyForDeploymentPostprocessing = 0;
		};
		2AE290CC1AB86C2300DAC95B /* Sources */ = {
			isa = PBXSourcesBuildPhase;
			buildActionMask = 2147483647;
			files = (
				2AE290D71AB86C2300DAC95B /* DaypaperTests.m in Sources */,
			);
			runOnlyForDeploymentPostprocessing = 0;
		};
/* End PBXSourcesBuildPhase section */

/* Begin PBXTargetDependency section */
		2AE290D21AB86C2300DAC95B /* PBXTargetDependency */ = {
			isa = PBXTargetDependency;
			target = 2AE290BC1AB86C2300DAC95B /* Daypaper */;
			targetProxy = 2AE290D11AB86C2300DAC95B /* PBXContainerItemProxy */;
		};
/* End PBXTargetDependency section */

/* Begin PBXVariantGroup section */
		2AC74C781ABEFC180038FCBE /* Credits.rtf */ = {
			isa = PBXVariantGroup;
			children = (
				2AC74C771ABEFC180038FCBE /* Base */,
				2AC74C791ABEFC1A0038FCBE /* ru */,
			);
			name = Credits.rtf;
			sourceTree = "<group>";
		};
		2AC74C7E1ABEFD370038FCBE /* Localizable.strings */ = {
			isa = PBXVariantGroup;
			children = (
				2AC74C7D1ABEFD370038FCBE /* Base */,
				2AC74C7F1ABEFDBA0038FCBE /* ru */,
			);
			name = Localizable.strings;
			sourceTree = "<group>";
		};
		2AE290C91AB86C2300DAC95B /* MainMenu.xib */ = {
			isa = PBXVariantGroup;
			children = (
				2AE290CA1AB86C2300DAC95B /* Base */,
				2AD9B3661AD9E4D600E901D3 /* ru */,
			);
			name = MainMenu.xib;
			sourceTree = "<group>";
		};
/* End PBXVariantGroup section */

/* Begin XCBuildConfiguration section */
		2AE290D81AB86C2300DAC95B /* Debug */ = {
			isa = XCBuildConfiguration;
			buildSettings = {
				ALWAYS_SEARCH_USER_PATHS = NO;
				CLANG_CXX_LANGUAGE_STANDARD = "gnu++0x";
				CLANG_CXX_LIBRARY = "libc++";
				CLANG_ENABLE_MODULES = YES;
				CLANG_ENABLE_OBJC_ARC = YES;
				CLANG_WARN_BOOL_CONVERSION = YES;
				CLANG_WARN_CONSTANT_CONVERSION = YES;
				CLANG_WARN_DIRECT_OBJC_ISA_USAGE = YES_ERROR;
				CLANG_WARN_EMPTY_BODY = YES;
				CLANG_WARN_ENUM_CONVERSION = YES;
				CLANG_WARN_INT_CONVERSION = YES;
				CLANG_WARN_OBJC_ROOT_CLASS = YES_ERROR;
				CLANG_WARN_UNREACHABLE_CODE = YES;
				CLANG_WARN__DUPLICATE_METHOD_MATCH = YES;
				CODE_SIGN_IDENTITY = "-";
				COPY_PHASE_STRIP = NO;
				ENABLE_STRICT_OBJC_MSGSEND = YES;
				ENABLE_TESTABILITY = YES;
				GCC_C_LANGUAGE_STANDARD = gnu99;
				GCC_DYNAMIC_NO_PIC = NO;
				GCC_OPTIMIZATION_LEVEL = 0;
				GCC_PREPROCESSOR_DEFINITIONS = (
					"DEBUG=1",
					"$(inherited)",
				);
				GCC_SYMBOLS_PRIVATE_EXTERN = NO;
				GCC_WARN_64_TO_32_BIT_CONVERSION = YES;
				GCC_WARN_ABOUT_RETURN_TYPE = YES_ERROR;
				GCC_WARN_UNDECLARED_SELECTOR = YES;
				GCC_WARN_UNINITIALIZED_AUTOS = YES_AGGRESSIVE;
				GCC_WARN_UNUSED_FUNCTION = YES;
				GCC_WARN_UNUSED_VARIABLE = YES;
				MACOSX_DEPLOYMENT_TARGET = 10.10;
				MTL_ENABLE_DEBUG_INFO = YES;
				ONLY_ACTIVE_ARCH = YES;
				SDKROOT = macosx;
			};
			name = Debug;
		};
		2AE290D91AB86C2300DAC95B /* Release */ = {
			isa = XCBuildConfiguration;
			buildSettings = {
				ALWAYS_SEARCH_USER_PATHS = NO;
				CLANG_CXX_LANGUAGE_STANDARD = "gnu++0x";
				CLANG_CXX_LIBRARY = "libc++";
				CLANG_ENABLE_MODULES = YES;
				CLANG_ENABLE_OBJC_ARC = YES;
				CLANG_WARN_BOOL_CONVERSION = YES;
				CLANG_WARN_CONSTANT_CONVERSION = YES;
				CLANG_WARN_DIRECT_OBJC_ISA_USAGE = YES_ERROR;
				CLANG_WARN_EMPTY_BODY = YES;
				CLANG_WARN_ENUM_CONVERSION = YES;
				CLANG_WARN_INT_CONVERSION = YES;
				CLANG_WARN_OBJC_ROOT_CLASS = YES_ERROR;
				CLANG_WARN_UNREACHABLE_CODE = YES;
				CLANG_WARN__DUPLICATE_METHOD_MATCH = YES;
				CODE_SIGN_IDENTITY = "-";
				COPY_PHASE_STRIP = NO;
				DEBUG_INFORMATION_FORMAT = "dwarf-with-dsym";
				ENABLE_NS_ASSERTIONS = NO;
				ENABLE_STRICT_OBJC_MSGSEND = YES;
				GCC_C_LANGUAGE_STANDARD = gnu99;
				GCC_WARN_64_TO_32_BIT_CONVERSION = YES;
				GCC_WARN_ABOUT_RETURN_TYPE = YES_ERROR;
				GCC_WARN_UNDECLARED_SELECTOR = YES;
				GCC_WARN_UNINITIALIZED_AUTOS = YES_AGGRESSIVE;
				GCC_WARN_UNUSED_FUNCTION = YES;
				GCC_WARN_UNUSED_VARIABLE = YES;
				MACOSX_DEPLOYMENT_TARGET = 10.10;
				MTL_ENABLE_DEBUG_INFO = NO;
				SDKROOT = macosx;
			};
			name = Release;
		};
		2AE290DB1AB86C2300DAC95B /* Debug */ = {
			isa = XCBuildConfiguration;
			baseConfigurationReference = 7AACA599A1708C6E0763CD47 /* Pods-Daypaper.debug.xcconfig */;
			buildSettings = {
				ASSETCATALOG_COMPILER_APPICON_NAME = DaypaperIcon;
				CODE_SIGN_ENTITLEMENTS = Daypaper/Daypaper.entitlements;
				CODE_SIGN_IDENTITY = "Mac Developer";
				COMBINE_HIDPI_IMAGES = YES;
				FRAMEWORK_SEARCH_PATHS = "$(inherited)";
				INFOPLIST_FILE = Daypaper/Info.plist;
				LD_RUNPATH_SEARCH_PATHS = "$(inherited) @executable_path/../Frameworks";
				MACOSX_DEPLOYMENT_TARGET = 10.9;
				PRODUCT_BUNDLE_IDENTIFIER = "me.meamka.$(PRODUCT_NAME:rfc1034identifier)";
				PRODUCT_NAME = "$(TARGET_NAME)";
			};
			name = Debug;
		};
		2AE290DC1AB86C2300DAC95B /* Release */ = {
			isa = XCBuildConfiguration;
			baseConfigurationReference = 5AD32A5D7D5C7020344A5A77 /* Pods-Daypaper.release.xcconfig */;
			buildSettings = {
				ASSETCATALOG_COMPILER_APPICON_NAME = DaypaperIcon;
				CODE_SIGN_ENTITLEMENTS = Daypaper/Daypaper.entitlements;
				CODE_SIGN_IDENTITY = "Mac Developer";
				COMBINE_HIDPI_IMAGES = YES;
				FRAMEWORK_SEARCH_PATHS = "$(inherited)";
				INFOPLIST_FILE = Daypaper/Info.plist;
				LD_RUNPATH_SEARCH_PATHS = "$(inherited) @executable_path/../Frameworks";
				MACOSX_DEPLOYMENT_TARGET = 10.9;
				PRODUCT_BUNDLE_IDENTIFIER = "me.meamka.$(PRODUCT_NAME:rfc1034identifier)";
				PRODUCT_NAME = "$(TARGET_NAME)";
			};
			name = Release;
		};
		2AE290DE1AB86C2300DAC95B /* Debug */ = {
			isa = XCBuildConfiguration;
			baseConfigurationReference = 1F556347323C57E37016DC6C /* Pods-DaypaperTests.debug.xcconfig */;
			buildSettings = {
				BUNDLE_LOADER = "$(TEST_HOST)";
				COMBINE_HIDPI_IMAGES = YES;
				FRAMEWORK_SEARCH_PATHS = (
					"$(DEVELOPER_FRAMEWORKS_DIR)",
					"$(inherited)",
				);
				GCC_PREPROCESSOR_DEFINITIONS = (
					"DEBUG=1",
					"$(inherited)",
				);
				INFOPLIST_FILE = DaypaperTests/Info.plist;
				LD_RUNPATH_SEARCH_PATHS = "$(inherited) @executable_path/../Frameworks @loader_path/../Frameworks";
				PRODUCT_BUNDLE_IDENTIFIER = "me.meamka.$(PRODUCT_NAME:rfc1034identifier)";
				PRODUCT_NAME = "$(TARGET_NAME)";
				TEST_HOST = "$(BUILT_PRODUCTS_DIR)/Daypaper.app/Contents/MacOS/Daypaper";
			};
			name = Debug;
		};
		2AE290DF1AB86C2300DAC95B /* Release */ = {
			isa = XCBuildConfiguration;
			baseConfigurationReference = 92DEE3C2E8FC92E4C2EEE3D9 /* Pods-DaypaperTests.release.xcconfig */;
			buildSettings = {
				BUNDLE_LOADER = "$(TEST_HOST)";
				COMBINE_HIDPI_IMAGES = YES;
				FRAMEWORK_SEARCH_PATHS = (
					"$(DEVELOPER_FRAMEWORKS_DIR)",
					"$(inherited)",
				);
				INFOPLIST_FILE = DaypaperTests/Info.plist;
				LD_RUNPATH_SEARCH_PATHS = "$(inherited) @executable_path/../Frameworks @loader_path/../Frameworks";
				PRODUCT_BUNDLE_IDENTIFIER = "me.meamka.$(PRODUCT_NAME:rfc1034identifier)";
				PRODUCT_NAME = "$(TARGET_NAME)";
				TEST_HOST = "$(BUILT_PRODUCTS_DIR)/Daypaper.app/Contents/MacOS/Daypaper";
			};
			name = Release;
		};
/* End XCBuildConfiguration section */

/* Begin XCConfigurationList section */
		2AE290B81AB86C2300DAC95B /* Build configuration list for PBXProject "Daypaper" */ = {
			isa = XCConfigurationList;
			buildConfigurations = (
				2AE290D81AB86C2300DAC95B /* Debug */,
				2AE290D91AB86C2300DAC95B /* Release */,
			);
			defaultConfigurationIsVisible = 0;
			defaultConfigurationName = Release;
		};
		2AE290DA1AB86C2300DAC95B /* Build configuration list for PBXNativeTarget "Daypaper" */ = {
			isa = XCConfigurationList;
			buildConfigurations = (
				2AE290DB1AB86C2300DAC95B /* Debug */,
				2AE290DC1AB86C2300DAC95B /* Release */,
			);
			defaultConfigurationIsVisible = 0;
			defaultConfigurationName = Release;
		};
		2AE290DD1AB86C2300DAC95B /* Build configuration list for PBXNativeTarget "DaypaperTests" */ = {
			isa = XCConfigurationList;
			buildConfigurations = (
				2AE290DE1AB86C2300DAC95B /* Debug */,
				2AE290DF1AB86C2300DAC95B /* Release */,
			);
			defaultConfigurationIsVisible = 0;
			defaultConfigurationName = Release;
		};
/* End XCConfigurationList section */
	};
	rootObject = 2AE290B51AB86C2300DAC95B /* Project object */;
}
